
Microsoft Visual Studio Solution File, Format Version 12.00
# Visual Studio Version 16
VisualStudioVersion = 16.0.31613.86
MinimumVisualStudioVersion = 10.0.40219.1
Project("{FAE04EC0-301F-11D3-BF4B-00C04F79EFBC}") = "TaxJarClient", "TaxJarClient\TaxJarClient.csproj", "{503D1827-D4BF-4811-A328-E086AFBEAF08}"
EndProject
Project("{FAE04EC0-301F-11D3-BF4B-00C04F79EFBC}") = "TaxJarClientTest", "TaxJarClientTest\TaxJarClientTest.csproj", "{B38A006E-157F-476A-96D1-145054E5DCF8}"
EndProject
Global
	GlobalSection(SolutionConfigurationPlatforms) = preSolution
		Debug|Any CPU = Debug|Any CPU
		Release|Any CPU = Release|Any CPU
	EndGlobalSection
	GlobalSection(ProjectConfigurationPlatforms) = postSolution
		{503D1827-D4BF-4811-A328-E086AFBEAF08}.Debug|Any CPU.ActiveCfg = Debug|Any CPU
		{503D1827-D4BF-4811-A328-E086AFBEAF08}.Debug|Any CPU.Build.0 = Debug|Any CPU
		{503D1827-D4BF-4811-A328-E086AFBEAF08}.Release|Any CPU.ActiveCfg = Release|Any CPU
		{503D1827-D4BF-4811-A328-E086AFBEAF08}.Release|Any CPU.Build.0 = Release|Any CPU
		{B38A006E-157F-476A-96D1-145054E5DCF8}.Debug|Any CPU.ActiveCfg = Debug|Any CPU
		{B38A006E-157F-476A-96D1-145054E5DCF8}.Debug|Any CPU.Build.0 = Debug|Any CPU
		{B38A006E-157F-476A-96D1-145054E5DCF8}.Release|Any CPU.ActiveCfg = Release|Any CPU
		{B38A006E-157F-476A-96D1-145054E5DCF8}.Release|Any CPU.Build.0 = Release|Any CPU
	EndGlobalSection
	GlobalSection(SolutionProperties) = preSolution
		HideSolutionNode = FALSE
	EndGlobalSection
	GlobalSection(ExtensibilityGlobals) = postSolution
		SolutionGuid = {7F64E43B-72B4-433C-B53C-F70C53EB22B4}
	EndGlobalSection
EndGlobal
